
Microsoft Visual Studio Solution File, Format Version 11.00
# Visual Studio 2010
Project("{FAE04EC0-301F-11D3-BF4B-00C04F79EFBC}") = "Grouping", "Grouping\Grouping.csproj", "{F65B67DE-57FD-4AB0-962C-0F224F9A54E3}"
EndProject
Project("{2150E333-8FDC-42A3-9474-1A3956D46DE8}") = ".nuget", ".nuget", "{1793EB1E-0AD9-4B1D-A6EC-D1CB32381B8C}"
	ProjectSection(SolutionItems) = preProject
		.nuget\NuGet.Config = .nuget\NuGet.Config
		.nuget\NuGet.exe = .nuget\NuGet.exe
		.nuget\NuGet.targets = .nuget\NuGet.targets
	EndProjectSection
EndProject
Global
	GlobalSection(SolutionConfigurationPlatforms) = preSolution
		Debug|Any CPU = Debug|Any CPU
		Release|Any CPU = Release|Any CPU
	EndGlobalSection
	GlobalSection(ProjectConfigurationPlatforms) = postSolution
		{F65B67DE-57FD-4AB0-962C-0F224F9A54E3}.Debug|Any CPU.ActiveCfg = Debug|Any CPU
		{F65B67DE-57FD-4AB0-962C-0F224F9A54E3}.Debug|Any CPU.Build.0 = Debug|Any CPU
		{F65B67DE-57FD-4AB0-962C-0F224F9A54E3}.Release|Any CPU.ActiveCfg = Release|Any CPU
		{F65B67DE-57FD-4AB0-962C-0F224F9A54E3}.Release|Any CPU.Build.0 = Release|Any CPU
	EndGlobalSection
	GlobalSection(SolutionProperties) = preSolution
		HideSolutionNode = FALSE
	EndGlobalSection
EndGlobal
